{
  "name": "keibamin",
  "version": "1.0.0",
  "lockfileVersion": 1,
  "requires": true,
  "dependencies": {
    "@uirouter/angularjs": {
      "version": "1.0.22",
      "resolved": "https://registry.npmjs.org/@uirouter/angularjs/-/angularjs-1.0.22.tgz",
      "integrity": "sha512-d0SvdbXAav+Z6gCJd7gmn2eXEUtO3RvYcSLwtPaE8+7QiWHpSKNfGdD4D3noXhO2yUTz/AwaxsiRFMCwgVI0UQ==",
      "requires": {
        "@uirouter/core": "5.0.23"
      }
    },
    "@uirouter/core": {
      "version": "5.0.23",
      "resolved": "https://registry.npmjs.org/@uirouter/core/-/core-5.0.23.tgz",
      "integrity": "sha512-rwFOH++z/KY8y+h0IOpQ5uC8Nim6E0EBCQrIjhVCr+XKYXgpK+VdtuOLFdogvbJ3AAi5Z7ei00qdEr7Did5CAg=="
    },
    "angular": {
      "version": "1.7.8",
      "resolved": "https://registry.npmjs.org/angular/-/angular-1.7.8.tgz",
      "integrity": "sha512-wtef/y4COxM7ZVhddd7JtAAhyYObq9YXKar9tsW7558BImeVYteJiTxCKeJOL45lJ/+7B4wrAC49j8gTFYEthg=="
    },
    "angular-bootstrap3-typeahead": {
      "version": "0.0.1",
      "resolved": "https://registry.npmjs.org/angular-bootstrap3-typeahead/-/angular-bootstrap3-typeahead-0.0.1.tgz",
      "integrity": "sha1-tfSVkfSf67QJiadC4veqdicRjEQ="
    },
    "angular-froala": {
      "version": "3.0.1-2",
      "resolved": "https://registry.npmjs.org/angular-froala/-/angular-froala-3.0.1-2.tgz",
      "integrity": "sha512-cNH3utc1GII0DMg9uI/k22xN1PEPfTDxGItfkJDGGo7e1rXP4DPTkZgUEsrzEyi9EHwPcMuCIhYAkor25SgtJA==",
      "requires": {
        "coffee-script": "^1.12.7",
        "froala-editor": "3.0.1"
      },
      "dependencies": {
        "coffee-script": {
          "version": "1.12.7",
          "resolved": "https://registry.npmjs.org/coffee-script/-/coffee-script-1.12.7.tgz",
          "integrity": "sha512-fLeEhqwymYat/MpTPUjSKHVYYl0ec2mOyALEMLmzr5i1isuG+6jfI2j2d5oBO3VIzgUXgBVIcOT9uH1TFxBckw=="
        },
        "froala-editor": {
          "version": "3.0.1",
          "resolved": "https://registry.npmjs.org/froala-editor/-/froala-editor-3.0.1.tgz",
          "integrity": "sha512-Y4FE2Fs4siA6QkgFb/5cW5wAbQuSS3bPBPybtnJuSifRbkOrBCSqK4kKEHQcO4n0D98Ig7p3sb825jGo5pEJFA=="
        }
      }
    },
    "angular-moment": {
      "version": "1.3.0",
      "resolved": "https://registry.npmjs.org/angular-moment/-/angular-moment-1.3.0.tgz",
      "integrity": "sha512-KG8rvO9MoaBLwtGnxTeUveSyNtrL+RNgGl1zqWN36+HDCCVGk2DGWOzqKWB6o+eTTbO3Opn4hupWKIElc8XETA==",
      "requires": {
        "moment": ">=2.8.0 <3.0.0"
      }
    },
    "angular-sanitize": {
      "version": "1.7.8",
      "resolved": "https://registry.npmjs.org/angular-sanitize/-/angular-sanitize-1.7.8.tgz",
      "integrity": "sha512-sVq51is1cVNiPytH4JIEd7iRW0OBIRQGNETWkz1c/jnLv2sBf9oDxEd8enwDz/W2ULBIpqJPK/3AsIxmZyh9pA=="
    },
    "angular-ui-bootstrap": {
      "version": "2.5.6",
      "resolved": "https://registry.npmjs.org/angular-ui-bootstrap/-/angular-ui-bootstrap-2.5.6.tgz",
      "integrity": "sha512-yzcHpPMLQl0232nDzm5P4iAFTFQ9dMw0QgFLuKYbDj9M0xJ62z0oudYD/Lvh1pWfRsukiytP4Xj6BHOSrSXP8A=="
    },
    "bootstrap-3-typeahead": {
      "version": "4.0.2",
      "resolved": "https://registry.npmjs.org/bootstrap-3-typeahead/-/bootstrap-3-typeahead-4.0.2.tgz",
      "integrity": "sha1-yxyWkESFaGIJb8jHHMIbOsu1BBI="
    },
    "coffeescript": {
      "version": "1.12.7",
      "resolved": "https://registry.npmjs.org/coffeescript/-/coffeescript-1.12.7.tgz",
      "integrity": "sha512-pLXHFxQMPklVoEekowk8b3erNynC+DVJzChxS/LCBBgR6/8AJkHivkm//zbowcfc7BTCAjryuhx6gPqPRfsFoA=="
    },
    "froala-editor": {
      "version": "3.0.0",
      "resolved": "https://registry.npmjs.org/froala-editor/-/froala-editor-3.0.0.tgz",
      "integrity": "sha512-93G+GXUNPIiuHIcT/a2lxvQ9kED7pELRV/20csHB45mznBL2PqPmEwosGd/4RBN90ga4VbZQoqQi9ACls/3otg=="
    },
    "moment": {
      "version": "2.29.2",
      "resolved": "https://registry.npmjs.org/moment/-/moment-2.29.2.tgz",
      "integrity": "sha512-UgzG4rvxYpN15jgCmVJwac49h9ly9NurikMWGPdVxm8GZD6XjkKPxDTjQQ43gtGgnV3X0cAyWDdP2Wexoquifg=="
    },
    "ng-file-upload": {
      "version": "12.2.13",
      "resolved": "https://registry.npmjs.org/ng-file-upload/-/ng-file-upload-12.2.13.tgz",
      "integrity": "sha1-AYAPOHLlJvlTEPhHfpnk8S0NjRQ="
    },
    "ngstorage": {
      "version": "0.3.11",
      "resolved": "https://registry.npmjs.org/ngstorage/-/ngstorage-0.3.11.tgz",
      "integrity": "sha1-FjfEW4ctkJ2cx+GLN0iY1QsuhE8="
    },
    "oclazyload": {
      "version": "1.1.0",
      "resolved": "https://registry.npmjs.org/oclazyload/-/oclazyload-1.1.0.tgz",
      "integrity": "sha1-qYBzIvGQggqBwCLy7xcB0DbYPoc="
    },
    "popper.js": {
      "version": "1.15.0",
      "resolved": "https://registry.npmjs.org/popper.js/-/popper.js-1.15.0.tgz",
      "integrity": "sha512-w010cY1oCUmI+9KwwlWki+r5jxKfTFDVoadl7MSrIujHU5MJ5OR6HTDj6Xo8aoR/QsA56x8jKjA59qGH4ELtrA=="
    },
    "typeahead.js-bootstrap4-css": {
      "version": "1.0.0",
      "resolved": "https://registry.npmjs.org/typeahead.js-bootstrap4-css/-/typeahead.js-bootstrap4-css-1.0.0.tgz",
      "integrity": "sha1-xL1ufsUeSrbdR8a/1qSDqoXW22Y="
    }
  }
}
